
Microsoft Visual Studio Solution File, Format Version 12.00
# Visual Studio Version 17
VisualStudioVersion = 17.0.31903.59
MinimumVisualStudioVersion = 10.0.40219.1
Project("{FAE04EC0-301F-11D3-BF4B-00C04F79EFBC}") = "LinqExample", "LinqExample\LinqExample.csproj", "{58A74B1C-1BD2-4B9F-A3D2-9F06568FF753}"
EndProject
Global
	GlobalSection(SolutionConfigurationPlatforms) = preSolution
		Debug|Any CPU = Debug|Any CPU
		Release|Any CPU = Release|Any CPU
	EndGlobalSection
	GlobalSection(SolutionProperties) = preSolution
		HideSolutionNode = FALSE
	EndGlobalSection
	GlobalSection(ProjectConfigurationPlatforms) = postSolution
		{58A74B1C-1BD2-4B9F-A3D2-9F06568FF753}.Debug|Any CPU.ActiveCfg = Debug|Any CPU
		{58A74B1C-1BD2-4B9F-A3D2-9F06568FF753}.Debug|Any CPU.Build.0 = Debug|Any CPU
		{58A74B1C-1BD2-4B9F-A3D2-9F06568FF753}.Release|Any CPU.ActiveCfg = Release|Any CPU
		{58A74B1C-1BD2-4B9F-A3D2-9F06568FF753}.Release|Any CPU.Build.0 = Release|Any CPU
	EndGlobalSection
EndGlobal
