
Microsoft Visual Studio Solution File, Format Version 12.00
# Visual Studio Version 17
VisualStudioVersion = 17.0.31903.59
MinimumVisualStudioVersion = 10.0.40219.1
Project("{FAE04EC0-301F-11D3-BF4B-00C04F79EFBC}") = "DirectoryDirectoryInfo", "DirectoryDirectoryInfo\DirectoryDirectoryInfo.csproj", "{FFAFCB22-724F-47F7-9029-213992034985}"
EndProject
Global
	GlobalSection(SolutionConfigurationPlatforms) = preSolution
		Debug|Any CPU = Debug|Any CPU
		Release|Any CPU = Release|Any CPU
	EndGlobalSection
	GlobalSection(SolutionProperties) = preSolution
		HideSolutionNode = FALSE
	EndGlobalSection
	GlobalSection(ProjectConfigurationPlatforms) = postSolution
		{FFAFCB22-724F-47F7-9029-213992034985}.Debug|Any CPU.ActiveCfg = Debug|Any CPU
		{FFAFCB22-724F-47F7-9029-213992034985}.Debug|Any CPU.Build.0 = Debug|Any CPU
		{FFAFCB22-724F-47F7-9029-213992034985}.Release|Any CPU.ActiveCfg = Release|Any CPU
		{FFAFCB22-724F-47F7-9029-213992034985}.Release|Any CPU.Build.0 = Release|Any CPU
	EndGlobalSection
EndGlobal
